{
  "pins" : [
    {
      "identity" : "fluidaudio",
      "kind" : "remoteSourceControl",
      "location" : "https://github.com/FluidInference/FluidAudio.git",
      "state" : {
        "revision" : "6c40eca4310efffe80e723f1e628f6cf76d3feaf",
        "version" : "0.13.5"
      }
    }
  ],
  "version" : 2
}
